
Microsoft Visual Studio Solution File, Format Version 12.00
# Visual Studio Version 17
VisualStudioVersion = 17.4.33122.133
MinimumVisualStudioVersion = 10.0.40219.1
Project("{FAE04EC0-301F-11D3-BF4B-00C04F79EFBC}") = "craps-simulator", "craps-simulator\craps-simulator.csproj", "{4300165C-559D-4CCD-A5D7-C10B92A20BB3}"
EndProject
Project("{FAE04EC0-301F-11D3-BF4B-00C04F79EFBC}") = "craps-simulator.tests", "craps-simulator.tests\craps-simulator.tests.csproj", "{476774FF-A252-4E7F-AE11-2E630C3DBC65}"
EndProject
Global
	GlobalSection(SolutionConfigurationPlatforms) = preSolution
		Debug|Any CPU = Debug|Any CPU
		Release|Any CPU = Release|Any CPU
	EndGlobalSection
	GlobalSection(ProjectConfigurationPlatforms) = postSolution
		{4300165C-559D-4CCD-A5D7-C10B92A20BB3}.Debug|Any CPU.ActiveCfg = Debug|Any CPU
		{4300165C-559D-4CCD-A5D7-C10B92A20BB3}.Debug|Any CPU.Build.0 = Debug|Any CPU
		{4300165C-559D-4CCD-A5D7-C10B92A20BB3}.Release|Any CPU.ActiveCfg = Release|Any CPU
		{4300165C-559D-4CCD-A5D7-C10B92A20BB3}.Release|Any CPU.Build.0 = Release|Any CPU
		{476774FF-A252-4E7F-AE11-2E630C3DBC65}.Debug|Any CPU.ActiveCfg = Debug|Any CPU
		{476774FF-A252-4E7F-AE11-2E630C3DBC65}.Debug|Any CPU.Build.0 = Debug|Any CPU
		{476774FF-A252-4E7F-AE11-2E630C3DBC65}.Release|Any CPU.ActiveCfg = Release|Any CPU
		{476774FF-A252-4E7F-AE11-2E630C3DBC65}.Release|Any CPU.Build.0 = Release|Any CPU
	EndGlobalSection
	GlobalSection(SolutionProperties) = preSolution
		HideSolutionNode = FALSE
	EndGlobalSection
	GlobalSection(ExtensibilityGlobals) = postSolution
		SolutionGuid = {DA720C4B-7F53-4C77-B5F4-7B1FFDEE011B}
	EndGlobalSection
EndGlobal
