
Microsoft Visual Studio Solution File, Format Version 12.00
# Visual Studio Version 17
VisualStudioVersion = 17.4.33122.133
MinimumVisualStudioVersion = 10.0.40219.1
Project("{9A19103F-16F7-4668-BE54-9A1E7A4F7556}") = "craps-simulator", "craps-simulator\craps-simulator.csproj", "{4300165C-559D-4CCD-A5D7-C10B92A20BB3}"
EndProject
Project("{9A19103F-16F7-4668-BE54-9A1E7A4F7556}") = "craps-simulator.tests", "craps-simulator.tests\craps-simulator.tests.csproj", "{476774FF-A252-4E7F-AE11-2E630C3DBC65}"
EndProject
Project("{9A19103F-16F7-4668-BE54-9A1E7A4F7556}") = "craps-simulator.service", "craps-simulator.service\craps-simulator.service.csproj", "{F040F1A0-B410-452C-943D-1CB9A0D20D43}"
EndProject
Project("{9A19103F-16F7-4668-BE54-9A1E7A4F7556}") = "craps-simulator.lib", "craps-simulator.lib\craps-simulator.lib.csproj", "{06E9E3F6-2CAF-46FE-9C6C-9964200F052D}"
EndProject
Project("{2150E333-8FDC-42A3-9474-1A3956D46DE8}") = "etc", "etc", "{FCC4DD9B-464D-4B95-BB57-898C22C015FD}"
	ProjectSection(SolutionItems) = preProject
		README.md = README.md
	EndProjectSection
EndProject
Project("{FAE04EC0-301F-11D3-BF4B-00C04F79EFBC}") = "caps-simulator.wpf", "caps-simulator.wpf\caps-simulator.wpf.csproj", "{F791496A-F453-4534-98BE-7BA2CE8E29D9}"
EndProject
Global
	GlobalSection(SolutionConfigurationPlatforms) = preSolution
		Debug|Any CPU = Debug|Any CPU
		Release|Any CPU = Release|Any CPU
	EndGlobalSection
	GlobalSection(ProjectConfigurationPlatforms) = postSolution
		{4300165C-559D-4CCD-A5D7-C10B92A20BB3}.Debug|Any CPU.ActiveCfg = Debug|Any CPU
		{4300165C-559D-4CCD-A5D7-C10B92A20BB3}.Debug|Any CPU.Build.0 = Debug|Any CPU
		{4300165C-559D-4CCD-A5D7-C10B92A20BB3}.Release|Any CPU.ActiveCfg = Release|Any CPU
		{4300165C-559D-4CCD-A5D7-C10B92A20BB3}.Release|Any CPU.Build.0 = Release|Any CPU
		{476774FF-A252-4E7F-AE11-2E630C3DBC65}.Debug|Any CPU.ActiveCfg = Debug|Any CPU
		{476774FF-A252-4E7F-AE11-2E630C3DBC65}.Debug|Any CPU.Build.0 = Debug|Any CPU
		{476774FF-A252-4E7F-AE11-2E630C3DBC65}.Release|Any CPU.ActiveCfg = Release|Any CPU
		{476774FF-A252-4E7F-AE11-2E630C3DBC65}.Release|Any CPU.Build.0 = Release|Any CPU
		{F040F1A0-B410-452C-943D-1CB9A0D20D43}.Debug|Any CPU.ActiveCfg = Debug|Any CPU
		{F040F1A0-B410-452C-943D-1CB9A0D20D43}.Debug|Any CPU.Build.0 = Debug|Any CPU
		{F040F1A0-B410-452C-943D-1CB9A0D20D43}.Release|Any CPU.ActiveCfg = Release|Any CPU
		{F040F1A0-B410-452C-943D-1CB9A0D20D43}.Release|Any CPU.Build.0 = Release|Any CPU
		{06E9E3F6-2CAF-46FE-9C6C-9964200F052D}.Debug|Any CPU.ActiveCfg = Debug|Any CPU
		{06E9E3F6-2CAF-46FE-9C6C-9964200F052D}.Debug|Any CPU.Build.0 = Debug|Any CPU
		{06E9E3F6-2CAF-46FE-9C6C-9964200F052D}.Release|Any CPU.ActiveCfg = Release|Any CPU
		{06E9E3F6-2CAF-46FE-9C6C-9964200F052D}.Release|Any CPU.Build.0 = Release|Any CPU
		{F791496A-F453-4534-98BE-7BA2CE8E29D9}.Debug|Any CPU.ActiveCfg = Debug|Any CPU
		{F791496A-F453-4534-98BE-7BA2CE8E29D9}.Debug|Any CPU.Build.0 = Debug|Any CPU
		{F791496A-F453-4534-98BE-7BA2CE8E29D9}.Release|Any CPU.ActiveCfg = Release|Any CPU
		{F791496A-F453-4534-98BE-7BA2CE8E29D9}.Release|Any CPU.Build.0 = Release|Any CPU
	EndGlobalSection
	GlobalSection(SolutionProperties) = preSolution
		HideSolutionNode = FALSE
	EndGlobalSection
	GlobalSection(ExtensibilityGlobals) = postSolution
		SolutionGuid = {DA720C4B-7F53-4C77-B5F4-7B1FFDEE011B}
	EndGlobalSection
EndGlobal
